
Microsoft Visual Studio Solution File, Format Version 12.00
# Visual Studio Version 16
VisualStudioVersion = 16.0.29920.165
MinimumVisualStudioVersion = 10.0.40219.1
Project("{9A19103F-16F7-4668-BE54-9A1E7A4F7556}") = "GameLib_Projet", "GameLib_Projet\GameLib_Projet.csproj", "{7DE55B5F-0F0D-4567-9F2E-9120202F1228}"
EndProject
Project("{9A19103F-16F7-4668-BE54-9A1E7A4F7556}") = "Modele", "Modele\Modele.csproj", "{0435B18F-EBB8-4FF3-8D42-5645DA79AE17}"
EndProject
Project("{2150E333-8FDC-42A3-9474-1A3956D46DE8}") = "Tests", "Tests", "{A21153E0-D60F-44B1-BA9E-B24AB61A63AD}"
EndProject
Project("{9A19103F-16F7-4668-BE54-9A1E7A4F7556}") = "Test_JeuVidéo", "Test_JeuVidéo\Test_JeuVidéo.csproj", "{7DB243A8-61A8-4F9F-B9B2-942C1A7A5F70}"
EndProject
Project("{9A19103F-16F7-4668-BE54-9A1E7A4F7556}") = "Test_UtilisateurConnnecté", "Test_UtilisateurConnnecté\Test_UtilisateurConnnecté.csproj", "{35138ADB-227C-4217-9D45-3BC837C7C4E8}"
EndProject
Project("{9A19103F-16F7-4668-BE54-9A1E7A4F7556}") = "Test_Manager", "Test_Manager\Test_Manager.csproj", "{A4B24510-58C8-42CC-BBA1-30A96BC8062F}"
EndProject
Project("{9A19103F-16F7-4668-BE54-9A1E7A4F7556}") = "Persistance", "Persistance\Persistance.csproj", "{AD891F83-0A49-432A-B33A-6D0A76471F8D}"
EndProject
Project("{9A19103F-16F7-4668-BE54-9A1E7A4F7556}") = "Managment", "Managment\Managment.csproj", "{1DECEAEF-869B-4727-9589-2765098C89E2}"
EndProject
Project("{9A19103F-16F7-4668-BE54-9A1E7A4F7556}") = "Test_DataContract", "Test_DataContract\Test_DataContract.csproj", "{E1F58756-CC94-47AB-BEBB-383E5429656E}"
EndProject
Project("{54435603-DBB4-11D2-8724-00A0C9A8B90C}") = "GameLibSetup", "GameLibSetup\GameLibSetup.vdproj", "{8073E9B4-9034-4EB2-9929-715E987C6232}"
EndProject
Global
	GlobalSection(SolutionConfigurationPlatforms) = preSolution
		Debug|Any CPU = Debug|Any CPU
		Release|Any CPU = Release|Any CPU
	EndGlobalSection
	GlobalSection(ProjectConfigurationPlatforms) = postSolution
		{7DE55B5F-0F0D-4567-9F2E-9120202F1228}.Debug|Any CPU.ActiveCfg = Debug|Any CPU
		{7DE55B5F-0F0D-4567-9F2E-9120202F1228}.Debug|Any CPU.Build.0 = Debug|Any CPU
		{7DE55B5F-0F0D-4567-9F2E-9120202F1228}.Release|Any CPU.ActiveCfg = Release|Any CPU
		{7DE55B5F-0F0D-4567-9F2E-9120202F1228}.Release|Any CPU.Build.0 = Release|Any CPU
		{0435B18F-EBB8-4FF3-8D42-5645DA79AE17}.Debug|Any CPU.ActiveCfg = Debug|Any CPU
		{0435B18F-EBB8-4FF3-8D42-5645DA79AE17}.Debug|Any CPU.Build.0 = Debug|Any CPU
		{0435B18F-EBB8-4FF3-8D42-5645DA79AE17}.Release|Any CPU.ActiveCfg = Release|Any CPU
		{0435B18F-EBB8-4FF3-8D42-5645DA79AE17}.Release|Any CPU.Build.0 = Release|Any CPU
		{7DB243A8-61A8-4F9F-B9B2-942C1A7A5F70}.Debug|Any CPU.ActiveCfg = Debug|Any CPU
		{7DB243A8-61A8-4F9F-B9B2-942C1A7A5F70}.Debug|Any CPU.Build.0 = Debug|Any CPU
		{7DB243A8-61A8-4F9F-B9B2-942C1A7A5F70}.Release|Any CPU.ActiveCfg = Release|Any CPU
		{7DB243A8-61A8-4F9F-B9B2-942C1A7A5F70}.Release|Any CPU.Build.0 = Release|Any CPU
		{35138ADB-227C-4217-9D45-3BC837C7C4E8}.Debug|Any CPU.ActiveCfg = Debug|Any CPU
		{35138ADB-227C-4217-9D45-3BC837C7C4E8}.Debug|Any CPU.Build.0 = Debug|Any CPU
		{35138ADB-227C-4217-9D45-3BC837C7C4E8}.Release|Any CPU.ActiveCfg = Release|Any CPU
		{35138ADB-227C-4217-9D45-3BC837C7C4E8}.Release|Any CPU.Build.0 = Release|Any CPU
		{A4B24510-58C8-42CC-BBA1-30A96BC8062F}.Debug|Any CPU.ActiveCfg = Debug|Any CPU
		{A4B24510-58C8-42CC-BBA1-30A96BC8062F}.Debug|Any CPU.Build.0 = Debug|Any CPU
		{A4B24510-58C8-42CC-BBA1-30A96BC8062F}.Release|Any CPU.ActiveCfg = Release|Any CPU
		{A4B24510-58C8-42CC-BBA1-30A96BC8062F}.Release|Any CPU.Build.0 = Release|Any CPU
		{AD891F83-0A49-432A-B33A-6D0A76471F8D}.Debug|Any CPU.ActiveCfg = Debug|Any CPU
		{AD891F83-0A49-432A-B33A-6D0A76471F8D}.Debug|Any CPU.Build.0 = Debug|Any CPU
		{AD891F83-0A49-432A-B33A-6D0A76471F8D}.Release|Any CPU.ActiveCfg = Release|Any CPU
		{AD891F83-0A49-432A-B33A-6D0A76471F8D}.Release|Any CPU.Build.0 = Release|Any CPU
		{1DECEAEF-869B-4727-9589-2765098C89E2}.Debug|Any CPU.ActiveCfg = Debug|Any CPU
		{1DECEAEF-869B-4727-9589-2765098C89E2}.Debug|Any CPU.Build.0 = Debug|Any CPU
		{1DECEAEF-869B-4727-9589-2765098C89E2}.Release|Any CPU.ActiveCfg = Release|Any CPU
		{1DECEAEF-869B-4727-9589-2765098C89E2}.Release|Any CPU.Build.0 = Release|Any CPU
		{E1F58756-CC94-47AB-BEBB-383E5429656E}.Debug|Any CPU.ActiveCfg = Debug|Any CPU
		{E1F58756-CC94-47AB-BEBB-383E5429656E}.Debug|Any CPU.Build.0 = Debug|Any CPU
		{E1F58756-CC94-47AB-BEBB-383E5429656E}.Release|Any CPU.ActiveCfg = Release|Any CPU
		{E1F58756-CC94-47AB-BEBB-383E5429656E}.Release|Any CPU.Build.0 = Release|Any CPU
		{8073E9B4-9034-4EB2-9929-715E987C6232}.Debug|Any CPU.ActiveCfg = Debug
		{8073E9B4-9034-4EB2-9929-715E987C6232}.Release|Any CPU.ActiveCfg = Release
	EndGlobalSection
	GlobalSection(SolutionProperties) = preSolution
		HideSolutionNode = FALSE
	EndGlobalSection
	GlobalSection(NestedProjects) = preSolution
		{7DB243A8-61A8-4F9F-B9B2-942C1A7A5F70} = {A21153E0-D60F-44B1-BA9E-B24AB61A63AD}
		{35138ADB-227C-4217-9D45-3BC837C7C4E8} = {A21153E0-D60F-44B1-BA9E-B24AB61A63AD}
		{A4B24510-58C8-42CC-BBA1-30A96BC8062F} = {A21153E0-D60F-44B1-BA9E-B24AB61A63AD}
		{E1F58756-CC94-47AB-BEBB-383E5429656E} = {A21153E0-D60F-44B1-BA9E-B24AB61A63AD}
	EndGlobalSection
	GlobalSection(ExtensibilityGlobals) = postSolution
		SolutionGuid = {20BC494F-317E-4EF2-B4DC-6E4F62DE534F}
	EndGlobalSection
EndGlobal
